lockfileVersion: '9.0'

settings:
  autoInstallPeers: true
  excludeLinksFromLockfile: false

importers:

  .:
    dependencies:
      '@types/node':
        specifier: ^25.5.0
        version: 25.5.0
      typescript:
        specifier: ^5.9.3
        version: 5.9.3

  packages/codemod:
    dependencies:
      '@clack/prompts':
        specifier: ^1.1.0
        version: 1.1.0
      commander:
        specifier: ^14.0.3
        version: 14.0.3
      picocolors:
        specifier: ^1.1.1
        version: 1.1.1
      zmod:
        specifier: ^0.3.1
        version: 0.3.1
      zmod-ember:
        specifier: ^0.3.0
        version: 0.3.0(zmod@0.3.1)
    devDependencies:
      '@vitest/ui':
        specifier: 4.1.0
        version: 4.1.0(vitest@4.1.0)
      gradient-string:
        specifier: ^3.0.0
        version: 3.0.0
      vite:
        specifier: ^8.0.1
        version: 8.0.1(@types/node@25.5.0)
      vitest:
        specifier: ^4.1.0
        version: 4.1.0(@types/node@25.5.0)(@vitest/ui@4.1.0)(vite@8.0.1(@types/node@25.5.0))

packages:

  '@clack/core@1.1.0':
    resolution: {integrity: sha512-SVcm4Dqm2ukn64/8Gub2wnlA5nS2iWJyCkdNHcvNHPIeBTGojpdJ+9cZKwLfmqy7irD4N5qLteSilJlE0WLAtA==}

  '@clack/prompts@1.1.0':
    resolution: {integrity: sha512-pkqbPGtohJAvm4Dphs2M8xE29ggupihHdy1x84HNojZuMtFsHiUlRvqD24tM2+XmI+61LlfNceM3Wr7U5QES5g==}

  '@emnapi/core@1.9.1':
    resolution: {integrity: sha512-mukuNALVsoix/w1BJwFzwXBN/dHeejQtuVzcDsfOEsdpCumXb/E9j8w11h5S54tT1xhifGfbbSm/ICrObRb3KA==}

  '@emnapi/runtime@1.9.1':
    resolution: {integrity: sha512-VYi5+ZVLhpgK4hQ0TAjiQiZ6ol0oe4mBx7mVv7IflsiEp0OWoVsp/+f9Vc1hOhE0TtkORVrI1GvzyreqpgWtkA==}

  '@emnapi/wasi-threads@1.2.0':
    resolution: {integrity: sha512-N10dEJNSsUx41Z6pZsXU8FjPjpBEplgH24sfkmITrBED1/U2Esum9F3lfLrMjKHHjmi557zQn7kR9R+XWXu5Rg==}

  '@glimmer/env@0.1.7':
    resolution: {integrity: sha512-JKF/a9I9jw6fGoz8kA7LEQslrwJ5jms5CXhu/aqkBWk+PmZ6pTl8mlb/eJ/5ujBGTiQzBhy5AIWF712iA+4/mw==}

  '@glimmer/interfaces@0.94.6':
    resolution: {integrity: sha512-sp/1WePvB/8O+jrcUHwjboNPTKrdGicuHKA9T/lh0vkYK2qM5Xz4i25lQMQ38tEMiw7KixrjHiTUiaXRld+IwA==}

  '@glimmer/syntax@0.95.0':
    resolution: {integrity: sha512-W/PHdODnpONsXjbbdY9nedgIHpglMfOzncf/moLVrKIcCfeQhw2vG07Rs/YW8KeJCgJRCLkQsi+Ix7XvrurGAg==}

  '@glimmer/util@0.94.8':
    resolution: {integrity: sha512-HfCKeZ74clF9BsPDBOqK/yRNa/ke6niXFPM6zRn9OVYw+ZAidLs7V8He/xljUHlLRL322kaZZY8XxRW7ALEwyg==}

  '@glimmer/wire-format@0.94.8':
    resolution: {integrity: sha512-A+Cp5m6vZMAEu0Kg/YwU2dJZXyYxVJs2zI57d3CP6NctmX7FsT8WjViiRUmt5abVmMmRH5b8BUovqY6GSMAdrw==}

  '@handlebars/parser@2.2.2':
    resolution: {integrity: sha512-n/SZW+12rwikx/f8YcSv9JCi5p9vn1Bnts9ZtVvfErG4h0gbjHI1H1ZMhVUnaOC7yzFc6PtsCKIK8XeTnL90Gw==}
    engines: {node: ^18 || ^20 || ^22 || >=24}

  '@jridgewell/sourcemap-codec@1.5.5':
    resolution: {integrity: sha512-cYQ9310grqxueWbl+WuIUIaiUaDcj7WOq5fVhEljNVgRfOUhY9fy2zTvfoqWsnebh8Sl70VScFbICvJnLKB0Og==}

  '@napi-rs/wasm-runtime@1.1.1':
    resolution: {integrity: sha512-p64ah1M1ld8xjWv3qbvFwHiFVWrq1yFvV4f7w+mzaqiR4IlSgkqhcRdHwsGgomwzBH51sRY4NEowLxnaBjcW/A==}

  '@oxc-parser/binding-android-arm-eabi@0.112.0':
    resolution: {integrity: sha512-retxBzJ39Da7Lh/eZTn9+HJgTeDUxZIpuI0urOsmcFsBKXAth3lc1jIvwseQ9qbAI/VrsoFOXiGIzgclARbAHg==}
    engines: {node: ^20.19.0 || >=22.12.0}
    cpu: [arm]
    os: [android]

  '@oxc-parser/binding-android-arm-eabi@0.119.0':
    resolution: {integrity: sha512-e0ii/Tqwk5pAHZRY+ZyXOdKHNRNmE+dvTGQZ7xQ5XPH2Am59aktD30QvfcfwItGhNTLCj/5TYGH5RHvmvqaILQ==}
    engines: {node: ^20.19.0 || >=22.12.0}
    cpu: [arm]
    os: [android]

  '@oxc-parser/binding-android-arm64@0.112.0':
    resolution: {integrity: sha512-pRkbBRbuIIsufUWpOJ+JHWfJFNupkidy4sbjfcm37e6xwYrn9LSKMLubPHvNaL1Zf92ZRhGiwaYkEcmaFg2VcA==}
    engines: {node: ^20.19.0 || >=22.12.0}
    cpu: [arm64]
    os: [android]

  '@oxc-parser/binding-android-arm64@0.119.0':
    resolution: {integrity: sha512-ha0xQpiStuoBv7HGazNKQWa6IRxri2+PpeojdAyBGnHGzfioA1GcStNGEGOyXvF+OxDfWvPuw5QiRYRUMtmgbQ==}
    engines: {node: ^20.19.0 || >=22.12.0}
    cpu: [arm64]
    os: [android]

  '@oxc-parser/binding-darwin-arm64@0.112.0':
    resolution: {integrity: sha512-fh6/KQL/cbH5DukT3VkdCqnULLuvVnszVKySD5IgSE0WZb32YZo/cPsPdEv052kk6w3N4agu+NTiMnZjcvhUIg==}
    engines: {node: ^20.19.0 || >=22.12.0}
    cpu: [arm64]
    os: [darwin]

  '@oxc-parser/binding-darwin-arm64@0.119.0':
    resolution: {integrity: sha512-h/AIi5jfQz9WQUJJkkkHeXNYMhPtR72qnYZt0ZpM/LvlH/wpI5QkCPi7MWjjyY+m0JDorIXJyfOfccn8SbNSxQ==}
    engines: {node: ^20.19.0 || >=22.12.0}
    cpu: [arm64]
    os: [darwin]

  '@oxc-parser/binding-darwin-x64@0.112.0':
    resolution: {integrity: sha512-vUBOOY1E30vlu/DoTGDoT1UbLlwu5Yv9tqeBabAwRzwNDz8Skho16VKhsBDUiyqddtpsR3//v6vNk38w4c+6IA==}
    engines: {node: ^20.19.0 || >=22.12.0}
    cpu: [x64]
    os: [darwin]

  '@oxc-parser/binding-darwin-x64@0.119.0':
    resolution: {integrity: sha512-15RwS/AawrgognvWsonI2eLKI5BqO0FzrpYXnzROysSR0x5RYsCc3UMFBwB1ph0UFFQzJy3ZbHHxfxp8RGr5Xg==}
    engines: {node: ^20.19.0 || >=22.12.0}
    cpu: [x64]
    os: [darwin]

  '@oxc-parser/binding-freebsd-x64@0.112.0':
    resolution: {integrity: sha512-hnEtO/9AVnYWzrgnp6L+oPs/6UqlFeteUL6n7magkd2tttgmx1C01hyNNh6nTpZfLzEVJSNJ0S+4NTsK2q2CxA==}
    engines: {node: ^20.19.0 || >=22.12.0}
    cpu: [x64]
    os: [freebsd]

  '@oxc-parser/binding-freebsd-x64@0.119.0':
    resolution: {integrity: sha512-iKaayTIDqEj0yyNPL+0t/spNAxMv7O32uY4eu/ir8BvFNgavoRmN8uqxRj8sxQDle89N/1Iw0dgRjS3tiWrqlA==}
    engines: {node: ^20.19.0 || >=22.12.0}
    cpu: [x64]
    os: [freebsd]

  '@oxc-parser/binding-linux-arm-gnueabihf@0.112.0':
    resolution: {integrity: sha512-WxJrUz3pcIc2hp4lvJbvt/sTL33oX9NPvkD3vDDybE6tc0V++rS+hNOJxwXdD2FDIFPkHs/IEn5asEZFVH+VKw==}
    engines: {node: ^20.19.0 || >=22.12.0}
    cpu: [arm]
    os: [linux]

  '@oxc-parser/binding-linux-arm-gnueabihf@0.119.0':
    resolution: {integrity: sha512-PDoOaOx8YWoxy19WNeMs6kOE0uFSb5EtA64Ye0wSp6sQpe+l8Gd+yjX2L+yNwd5MpDOvOy8KToa2bqCV4pf6iQ==}
    engines: {node: ^20.19.0 || >=22.12.0}
    cpu: [arm]
    os: [linux]

  '@oxc-parser/binding-linux-arm-musleabihf@0.112.0':
    resolution: {integrity: sha512-jj8A8WWySaJQqM9XKAIG8U2Q3qxhFQKrXPWv98d1oC35at+L1h+C+V4M3l8BAKhpHKCu3dYlloaAbHd5q1Hw6A==}
    engines: {node: ^20.19.0 || >=22.12.0}
    cpu: [arm]
    os: [linux]

  '@oxc-parser/binding-linux-arm-musleabihf@0.119.0':
    resolution: {integrity: sha512-AVxZ5Eo5squsUhpjnkCYuH20t5FCGV3HAP9UOKLxJQkmZW3kJvBGbfpH75ABxRrE2kGqmJW5FmS980u8v9Cepw==}
    engines: {node: ^20.19.0 || >=22.12.0}
    cpu: [arm]
    os: [linux]

  '@oxc-parser/binding-linux-arm64-gnu@0.112.0':
    resolution: {integrity: sha512-G2F8H6FcAExVK5vvhpSh61tqWx5QoaXXUnSsj5FyuDiFT/K7AMMVSQVqnZREDc+YxhrjB0vnKjCcuobXK63kIw==}
    engines: {node: ^20.19.0 || >=22.12.0}
    cpu: [arm64]
    os: [linux]
    libc: [glibc]

  '@oxc-parser/binding-linux-arm64-gnu@0.119.0':
    resolution: {integrity: sha512-9vfdyT9gczSeSwsEkBHVjigI8SWo3iB9zxEzL+YMBUrN0ftCUkKQr27DaDZK4/cQ80t6KRB+g9sUmT2T2AGnOQ==}
    engines: {node: ^20.19.0 || >=22.12.0}
    cpu: [arm64]
    os: [linux]
    libc: [glibc]

  '@oxc-parser/binding-linux-arm64-musl@0.112.0':
    resolution: {integrity: sha512-3R0iqjM3xYOZCnwgcxOQXH7hrz64/USDIuLbNTM1kZqQzRqaR4w7SwoWKU934zABo8d0op2oSwOp+CV3hZnM7A==}
    engines: {node: ^20.19.0 || >=22.12.0}
    cpu: [arm64]
    os: [linux]
    libc: [musl]

  '@oxc-parser/binding-linux-arm64-musl@0.119.0':
    resolution: {integrity: sha512-7BOq/tjSrtnp/ihw615uGcxMY3iya2qvVtwm15h2NvBZ6Jje+PC1GSUBOLfqGKJbUr9riSVV//a4iNhHI48Qdw==}
    engines: {node: ^20.19.0 || >=22.12.0}
    cpu: [arm64]
    os: [linux]
    libc: [musl]

  '@oxc-parser/binding-linux-ppc64-gnu@0.112.0':
    resolution: {integrity: sha512-lAQf8PQxfgy7h0bmcfSVE3hg3qMueshPYULFsCrHM+8KefGZ9W+ZMvRyU33gLrB4w1O3Fz1orR0hmKMCRxXNrQ==}
    engines: {node: ^20.19.0 || >=22.12.0}
    cpu: [ppc64]
    os: [linux]
    libc: [glibc]

  '@oxc-parser/binding-linux-ppc64-gnu@0.119.0':
    resolution: {integrity: sha512-PQIrLJwoAaNyNSWBF+2SSgv44Jp+xpKVUA+8+PuoMhyBQ6lFSbQdaxewdn11i3heTFMYd2xF339HWax4S6MPVA==}
    engines: {node: ^20.19.0 || >=22.12.0}
    cpu: [ppc64]
    os: [linux]
    libc: [glibc]

  '@oxc-parser/binding-linux-riscv64-gnu@0.112.0':
    resolution: {integrity: sha512-2QlvQBUhHuAE3ezD4X3CAEKMXdfgInggQ5Bj/7gb5NcYP3GyfLTj7c+mMu+BRwfC9B3AXBNyqHWbqEuuUvZyRQ==}
    engines: {node: ^20.19.0 || >=22.12.0}
    cpu: [riscv64]
    os: [linux]
    libc: [glibc]

  '@oxc-parser/binding-linux-riscv64-gnu@0.119.0':
    resolution: {integrity: sha512-spNh4YhT9K+Ya5hr6NmI1MazKSKORD8u5/06hFbzTslLnmmxiGaLqJXhNKIYUH39ne/JD5rkoRkUcOB2/LpC3A==}
    engines: {node: ^20.19.0 || >=22.12.0}
    cpu: [riscv64]
    os: [linux]
    libc: [glibc]

  '@oxc-parser/binding-linux-riscv64-musl@0.112.0':
    resolution: {integrity: sha512-v06iu0osHszgqJ1dLQRb6leWFU1sjG/UQk4MoVBtE6ZPewgfTkby6G9II1SpEAf2onnAuQceVYxQH9iuU3NJqw==}
    engines: {node: ^20.19.0 || >=22.12.0}
    cpu: [riscv64]
    os: [linux]
    libc: [musl]

  '@oxc-parser/binding-linux-riscv64-musl@0.119.0':
    resolution: {integrity: sha512-hFoCTRxSJAcrNBYVlgNDDQq6LyJLYyhnJDlPtK/mWrPYS3x5/fUR9jc6wo5VyxKIL/0dDJBBWp19v81q9heU/A==}
    engines: {node: ^20.19.0 || >=22.12.0}
    cpu: [riscv64]
    os: [linux]
    libc: [musl]

  '@oxc-parser/binding-linux-s390x-gnu@0.112.0':
    resolution: {integrity: sha512-+5HhNHtxsdcd7+ljXFnn9FOoCNXJX3UPgIfIE6vdwS1HqdGNH6eAcVobuqGOp54l8pvcxDQA6F4cPswCgLrQfQ==}
    engines: {node: ^20.19.0 || >=22.12.0}
    cpu: [s390x]
    os: [linux]
    libc: [glibc]

  '@oxc-parser/binding-linux-s390x-gnu@0.119.0':
    resolution: {integrity: sha512-bl7jHJZq3W5tYEvKG3yWZTUKTNb0/BtyYSnfMIrQ7t8hajCH4i1g0q+14s0KmQQl1UHxIX/Gx/Ps6e92qJQJmQ==}
    engines: {node: ^20.19.0 || >=22.12.0}
    cpu: [s390x]
    os: [linux]
    libc: [glibc]

  '@oxc-parser/binding-linux-x64-gnu@0.112.0':
    resolution: {integrity: sha512-jKwO7ZLNkjxwg7FoCLw+fJszooL9yXRZsDN0AQ1AQUTWq1l8GH/2e44k68N3fcP19jl8O8jGpqLAZcQTYk6skA==}
    engines: {node: ^20.19.0 || >=22.12.0}
    cpu: [x64]
    os: [linux]
    libc: [glibc]

  '@oxc-parser/binding-linux-x64-gnu@0.119.0':
    resolution: {integrity: sha512-m+DE7NhJIEGp4efSJnNfRf3swT25rbZ1FTIihV+pOLTI+k5yNguxvqT338mNu61OVSx0BfpV8QlO2nz43GR/Zg==}
    engines: {node: ^20.19.0 || >=22.12.0}
    cpu: [x64]
    os: [linux]
    libc: [glibc]

  '@oxc-parser/binding-linux-x64-musl@0.112.0':
    resolution: {integrity: sha512-TYqnuKV/p3eOc+N61E0961nA7DC+gaCeJ3+V2LcjJdTwFMdikqWL6uVk1jlrpUCBrozHDATVUKDZYH7r4FQYjQ==}
    engines: {node: ^20.19.0 || >=22.12.0}
    cpu: [x64]
    os: [linux]
    libc: [musl]

  '@oxc-parser/binding-linux-x64-musl@0.119.0':
    resolution: {integrity: sha512-pHhnXZHUfd5pYzFLQfvx1DH2HY+L8DPZeh6SsQrsmoaODm1+j8VPeWLwGSrXQSz5f1kfT/mnzm1iNLVOGIeuaw==}
    engines: {node: ^20.19.0 || >=22.12.0}
    cpu: [x64]
    os: [linux]
    libc: [musl]

  '@oxc-parser/binding-openharmony-arm64@0.112.0':
    resolution: {integrity: sha512-ZhrVmWFifVEFQX4XPwLoVFDHw9tAWH9p9vHsHFH+5uCKdfVR+jje4WxVo6YrokWCboGckoOzHq5KKMOcPZfkRg==}
    engines: {node: ^20.19.0 || >=22.12.0}
    cpu: [arm64]
    os: [openharmony]

  '@oxc-parser/binding-openharmony-arm64@0.119.0':
    resolution: {integrity: sha512-8Fthv9nOec0hQLX16yjYyYIU+u8ZFuQojdQ3vNgXN+PcqI/bDohGgCATrxO69gLf0IzkyOmKmurXOQCYK8BYpQ==}
    engines: {node: ^20.19.0 || >=22.12.0}
    cpu: [arm64]
    os: [openharmony]

  '@oxc-parser/binding-wasm32-wasi@0.112.0':
    resolution: {integrity: sha512-Gr8X2PUU3hX1g3F5oLWIZB8DhzDmjr5TfOrmn5tlBOo9l8ojPGdKjnIBfObM7X15928vza8QRKW25RTR7jfivg==}
    engines: {node: '>=14.0.0'}
    cpu: [wasm32]

  '@oxc-parser/binding-wasm32-wasi@0.119.0':
    resolution: {integrity: sha512-KpOU6fLqevFDP6ndkgE4BPoceELM4bOsEsAXjpe+FKYuUyEzHssYPBmxouGpXDQeAeWTBIjosw5yElLMRPuccw==}
    engines: {node: '>=14.0.0'}
    cpu: [wasm32]

  '@oxc-parser/binding-win32-arm64-msvc@0.112.0':
    resolution: {integrity: sha512-t5CDLbU70Ea88bGRhvU/dLJTc/Wcrtf2Jp534E8P3cgjAvHDjdKsfDDqBZrhybJ8Jv9v9vW5ngE40EK51BluDA==}
    engines: {node: ^20.19.0 || >=22.12.0}
    cpu: [arm64]
    os: [win32]

  '@oxc-parser/binding-win32-arm64-msvc@0.119.0':
    resolution: {integrity: sha512-omtTgAKIl6GQ40nG+wAWN8xMJLNtfmTdd0+wMIcrw1shX9y5TntAVIuiay3Du0wvUK9sgMpL07HYNphgHeZS0A==}
    engines: {node: ^20.19.0 || >=22.12.0}
    cpu: [arm64]
    os: [win32]

  '@oxc-parser/binding-win32-ia32-msvc@0.112.0':
    resolution: {integrity: sha512-rZH0JynCCwnhe2HfRoyNOl/Kfd9pudoWxgpC5OZhj7j77pMK0UOAa35hYDfrtSOUk2HLzrikV5dPUOY2DpSBSA==}
    engines: {node: ^20.19.0 || >=22.12.0}
    cpu: [ia32]
    os: [win32]

  '@oxc-parser/binding-win32-ia32-msvc@0.119.0':
    resolution: {integrity: sha512-+0kqoCfv4WFP3e4BqcVEtf1moUuG9Zv5lo1aKcw1JakqJo008TGG+C2LnVM4QucGSZVQ/Ii/H5XCvrRbkeLQfA==}
    engines: {node: ^20.19.0 || >=22.12.0}
    cpu: [ia32]
    os: [win32]

  '@oxc-parser/binding-win32-x64-msvc@0.112.0':
    resolution: {integrity: sha512-oGHluohzmVFAuQrkEnl1OXAxMz2aYmimxUqIgKXpBgbr7PvFv0doELB273sX+5V3fKeggohKg1A2Qq21W9Z9cQ==}
    engines: {node: ^20.19.0 || >=22.12.0}
    cpu: [x64]
    os: [win32]

  '@oxc-parser/binding-win32-x64-msvc@0.119.0':
    resolution: {integrity: sha512-5kaKmBHD+OQjZzGAQQ9n8jWNvCRxu3MjElAjkCqsS3i2wiN3hqHlOPKwGDydYiB1gKdeYGlTjRYtuF4gBLDSxQ==}
    engines: {node: ^20.19.0 || >=22.12.0}
    cpu: [x64]
    os: [win32]

  '@oxc-project/types@0.112.0':
    resolution: {integrity: sha512-m6RebKHIRsax2iCwVpYW2ErQwa4ywHJrE4sCK3/8JK8ZZAWOKXaRJFl/uP51gaVyyXlaS4+chU1nSCdzYf6QqQ==}

  '@oxc-project/types@0.119.0':
    resolution: {integrity: sha512-9SCGhodOxEicD2kblitu34fGHcpmqgI3beYw/E22ehVLHzccHRFH91NmKt0MhZEaAwLpei6OOA9aB6Vuks9qAg==}

  '@oxc-project/types@0.120.0':
    resolution: {integrity: sha512-k1YNu55DuvAip/MGE1FTsIuU3FUCn6v/ujG9V7Nq5Df/kX2CWb13hhwD0lmJGMGqE+bE1MXvv9SZVnMzEXlWcg==}

  '@polka/url@1.0.0-next.29':
    resolution: {integrity: sha512-wwQAWhWSuHaag8c4q/KN/vCoeOJYshAIvMQwD4GpSb3OiZklFfvAgmj0VCBBImRpuF/aFgIRzllXlVX93Jevww==}

  '@rolldown/binding-android-arm64@1.0.0-rc.10':
    resolution: {integrity: sha512-jOHxwXhxmFKuXztiu1ORieJeTbx5vrTkcOkkkn2d35726+iwhrY1w/+nYY/AGgF12thg33qC3R1LMBF5tHTZHg==}
    engines: {node: ^20.19.0 || >=22.12.0}
    cpu: [arm64]
    os: [android]

  '@rolldown/binding-darwin-arm64@1.0.0-rc.10':
    resolution: {integrity: sha512-gED05Teg/vtTZbIJBc4VNMAxAFDUPkuO/rAIyyxZjTj1a1/s6z5TII/5yMGZ0uLRCifEtwUQn8OlYzuYc0m70w==}
    engines: {node: ^20.19.0 || >=22.12.0}
    cpu: [arm64]
    os: [darwin]

  '@rolldown/binding-darwin-x64@1.0.0-rc.10':
    resolution: {integrity: sha512-rI15NcM1mA48lqrIxVkHfAqcyFLcQwyXWThy+BQ5+mkKKPvSO26ir+ZDp36AgYoYVkqvMcdS8zOE6SeBsR9e8A==}
    engines: {node: ^20.19.0 || >=22.12.0}
    cpu: [x64]
    os: [darwin]

  '@rolldown/binding-freebsd-x64@1.0.0-rc.10':
    resolution: {integrity: sha512-XZRXHdTa+4ME1MuDVp021+doQ+z6Ei4CCFmNc5/sKbqb8YmkiJdj8QKlV3rCI0AJtAeSB5n0WGPuJWNL9p/L2w==}
    engines: {node: ^20.19.0 || >=22.12.0}
    cpu: [x64]
    os: [freebsd]

  '@rolldown/binding-linux-arm-gnueabihf@1.0.0-rc.10':
    resolution: {integrity: sha512-R0SQMRluISSLzFE20sPWYHVmJdDQnRyc/FzSCN72BqQmh2SOZUFG+N3/vBZpR4C6WpEUVYJLrYUXaj43sJsNLA==}
    engines: {node: ^20.19.0 || >=22.12.0}
    cpu: [arm]
    os: [linux]

  '@rolldown/binding-linux-arm64-gnu@1.0.0-rc.10':
    resolution: {integrity: sha512-Y1reMrV/o+cwpduYhJuOE3OMKx32RMYCidf14y+HssARRmhDuWXJ4yVguDg2R/8SyyGNo+auzz64LnPK9Hq6jg==}
    engines: {node: ^20.19.0 || >=22.12.0}
    cpu: [arm64]
    os: [linux]
    libc: [glibc]

  '@rolldown/binding-linux-arm64-musl@1.0.0-rc.10':
    resolution: {integrity: sha512-vELN+HNb2IzuzSBUOD4NHmP9yrGwl1DVM29wlQvx1OLSclL0NgVWnVDKl/8tEks79EFek/kebQKnNJkIAA4W2g==}
    engines: {node: ^20.19.0 || >=22.12.0}
    cpu: [arm64]
    os: [linux]
    libc: [musl]

  '@rolldown/binding-linux-ppc64-gnu@1.0.0-rc.10':
    resolution: {integrity: sha512-ZqrufYTgzxbHwpqOjzSsb0UV/aV2TFIY5rP8HdsiPTv/CuAgCRjM6s9cYFwQ4CNH+hf9Y4erHW1GjZuZ7WoI7w==}
    engines: {node: ^20.19.0 || >=22.12.0}
    cpu: [ppc64]
    os: [linux]
    libc: [glibc]

  '@rolldown/binding-linux-s390x-gnu@1.0.0-rc.10':
    resolution: {integrity: sha512-gSlmVS1FZJSRicA6IyjoRoKAFK7IIHBs7xJuHRSmjImqk3mPPWbR7RhbnfH2G6bcmMEllCt2vQ/7u9e6bBnByg==}
    engines: {node: ^20.19.0 || >=22.12.0}
    cpu: [s390x]
    os: [linux]
    libc: [glibc]

  '@rolldown/binding-linux-x64-gnu@1.0.0-rc.10':
    resolution: {integrity: sha512-eOCKUpluKgfObT2pHjztnaWEIbUabWzk3qPZ5PuacuPmr4+JtQG4k2vGTY0H15edaTnicgU428XW/IH6AimcQw==}
    engines: {node: ^20.19.0 || >=22.12.0}
    cpu: [x64]
    os: [linux]
    libc: [glibc]

  '@rolldown/binding-linux-x64-musl@1.0.0-rc.10':
    resolution: {integrity: sha512-Xdf2jQbfQowJnLcgYfD/m0Uu0Qj5OdxKallD78/IPPfzaiaI4KRAwZzHcKQ4ig1gtg1SuzC7jovNiM2TzQsBXA==}
    engines: {node: ^20.19.0 || >=22.12.0}
    cpu: [x64]
    os: [linux]
    libc: [musl]

  '@rolldown/binding-openharmony-arm64@1.0.0-rc.10':
    resolution: {integrity: sha512-o1hYe8hLi1EY6jgPFyxQgQ1wcycX+qz8eEbVmot2hFkgUzPxy9+kF0u0NIQBeDq+Mko47AkaFFaChcvZa9UX9Q==}
    engines: {node: ^20.19.0 || >=22.12.0}
    cpu: [arm64]
    os: [openharmony]

  '@rolldown/binding-wasm32-wasi@1.0.0-rc.10':
    resolution: {integrity: sha512-Ugv9o7qYJudqQO5Y5y2N2SOo6S4WiqiNOpuQyoPInnhVzCY+wi/GHltcLHypG9DEUYMB0iTB/huJrpadiAcNcA==}
    engines: {node: '>=14.0.0'}
    cpu: [wasm32]

  '@rolldown/binding-win32-arm64-msvc@1.0.0-rc.10':
    resolution: {integrity: sha512-7UODQb4fQUNT/vmgDZBl3XOBAIOutP5R3O/rkxg0aLfEGQ4opbCgU5vOw/scPe4xOqBwL9fw7/RP1vAMZ6QlAQ==}
    engines: {node: ^20.19.0 || >=22.12.0}
    cpu: [arm64]
    os: [win32]

  '@rolldown/binding-win32-x64-msvc@1.0.0-rc.10':
    resolution: {integrity: sha512-PYxKHMVHOb5NJuDL53vBUl1VwUjymDcYI6rzpIni0C9+9mTiJedvUxSk7/RPp7OOAm3v+EjgMu9bIy3N6b408w==}
    engines: {node: ^20.19.0 || >=22.12.0}
    cpu: [x64]
    os: [win32]

  '@rolldown/pluginutils@1.0.0-rc.10':
    resolution: {integrity: sha512-UkVDEFk1w3mveXeKgaTuYfKWtPbvgck1dT8TUG3bnccrH0XtLTuAyfCoks4Q/M5ZGToSVJTIQYCzy2g/atAOeg==}

  '@simple-dom/interface@1.4.0':
    resolution: {integrity: sha512-l5qumKFWU0S+4ZzMaLXFU8tQZsicHEMEyAxI5kDFGhJsRqDwe0a7/iPA/GdxlGyDKseQQAgIz5kzU7eXTrlSpA==}

  '@standard-schema/spec@1.1.0':
    resolution: {integrity: sha512-l2aFy5jALhniG5HgqrD6jXLi/rUWrKvqN/qJx6yoJsgKhblVd+iqqU4RCXavm/jPityDo5TCvKMnpjKnOriy0w==}

  '@tybys/wasm-util@0.10.1':
    resolution: {integrity: sha512-9tTaPJLSiejZKx+Bmog4uSubteqTvFrVrURwkmHixBo0G4seD0zUxp98E1DzUBJxLQ3NPwXrGKDiVjwx/DpPsg==}

  '@types/chai@5.2.3':
    resolution: {integrity: sha512-Mw558oeA9fFbv65/y4mHtXDs9bPnFMZAL/jxdPFUpOHHIXX91mcgEHbS5Lahr+pwZFR8A7GQleRWeI6cGFC2UA==}

  '@types/deep-eql@4.0.2':
    resolution: {integrity: sha512-c9h9dVVMigMPc4bwTvC5dxqtqJZwQPePsWjPlpSOnojbor6pGqdk541lfA7AqFQr5pB1BRdq0juY9db81BwyFw==}

  '@types/estree@1.0.8':
    resolution: {integrity: sha512-dWHzHa2WqEXI/O1E9OjrocMTKJl2mSrEolh1Iomrv6U+JuNwaHXsXx9bLu5gG7BUWFIN0skIQJQ/L1rIex4X6w==}

  '@types/node@25.5.0':
    resolution: {integrity: sha512-jp2P3tQMSxWugkCUKLRPVUpGaL5MVFwF8RDuSRztfwgN1wmqJeMSbKlnEtQqU8UrhTmzEmZdu2I6v2dpp7XIxw==}

  '@types/tinycolor2@1.4.6':
    resolution: {integrity: sha512-iEN8J0BoMnsWBqjVbWH/c0G0Hh7O21lpR2/+PrvAVgWdzL7eexIFm4JN/Wn10PTcmNdtS6U67r499mlWMXOxNw==}

  '@vitest/expect@4.1.0':
    resolution: {integrity: sha512-EIxG7k4wlWweuCLG9Y5InKFwpMEOyrMb6ZJ1ihYu02LVj/bzUwn2VMU+13PinsjRW75XnITeFrQBMH5+dLvCDA==}

  '@vitest/mocker@4.1.0':
    resolution: {integrity: sha512-evxREh+Hork43+Y4IOhTo+h5lGmVRyjqI739Rz4RlUPqwrkFFDF6EMvOOYjTx4E8Tl6gyCLRL8Mu7Ry12a13Tw==}
    peerDependencies:
      msw: ^2.4.9
      vite: ^6.0.0 || ^7.0.0 || ^8.0.0-0
    peerDependenciesMeta:
      msw:
        optional: true
      vite:
        optional: true

  '@vitest/pretty-format@4.1.0':
    resolution: {integrity: sha512-3RZLZlh88Ib0J7NQTRATfc/3ZPOnSUn2uDBUoGNn5T36+bALixmzphN26OUD3LRXWkJu4H0s5vvUeqBiw+kS0A==}

  '@vitest/runner@4.1.0':
    resolution: {integrity: sha512-Duvx2OzQ7d6OjchL+trw+aSrb9idh7pnNfxrklo14p3zmNL4qPCDeIJAK+eBKYjkIwG96Bc6vYuxhqDXQOWpoQ==}

  '@vitest/snapshot@4.1.0':
    resolution: {integrity: sha512-0Vy9euT1kgsnj1CHttwi9i9o+4rRLEaPRSOJ5gyv579GJkNpgJK+B4HSv/rAWixx2wdAFci1X4CEPjiu2bXIMg==}

  '@vitest/spy@4.1.0':
    resolution: {integrity: sha512-pz77k+PgNpyMDv2FV6qmk5ZVau6c3R8HC8v342T2xlFxQKTrSeYw9waIJG8KgV9fFwAtTu4ceRzMivPTH6wSxw==}

  '@vitest/ui@4.1.0':
    resolution: {integrity: sha512-sTSDtVM1GOevRGsCNhp1mBUHKo9Qlc55+HCreFT4fe99AHxl1QQNXSL3uj4Pkjh5yEuWZIx8E2tVC94nnBZECQ==}
    peerDependencies:
      vitest: 4.1.0

  '@vitest/utils@4.1.0':
    resolution: {integrity: sha512-XfPXT6a8TZY3dcGY8EdwsBulFCIw+BeeX0RZn2x/BtiY/75YGh8FeWGG8QISN/WhaqSrE2OrlDgtF8q5uhOTmw==}

  assertion-error@2.0.1:
    resolution: {integrity: sha512-Izi8RQcffqCeNVgFigKli1ssklIbpHnCYc6AknXGYoB6grJqyeby7jv12JUQgmTAnIDnbck1uxksT4dzN3PWBA==}
    engines: {node: '>=12'}

  ast-types@0.16.1:
    resolution: {integrity: sha512-6t10qk83GOG8p0vKmaCr8eiilZwO171AvbROMtvvNiwrTly62t+7XkA8RdIIVbpMhCASAsxgAzdRSwh6nw/5Dg==}
    engines: {node: '>=4'}

  chai@6.2.2:
    resolution: {integrity: sha512-NUPRluOfOiTKBKvWPtSD4PhFvWCqOi0BGStNWs57X9js7XGTprSmFoz5F0tWhR4WPjNeR9jXqdC7/UpSJTnlRg==}
    engines: {node: '>=18'}

  chalk@5.6.2:
    resolution: {integrity: sha512-7NzBL0rN6fMUW+f7A6Io4h40qQlG+xGmtMxfbnH/K7TAtt8JQWVQK+6g0UXKMeVJoyV5EkkNsErQ8pVD3bLHbA==}
    engines: {node: ^12.17.0 || ^14.13 || >=16.0.0}

  commander@14.0.3:
    resolution: {integrity: sha512-H+y0Jo/T1RZ9qPP4Eh1pkcQcLRglraJaSLoyOtHxu6AapkjWVCy2Sit1QQ4x3Dng8qDlSsZEet7g5Pq06MvTgw==}
    engines: {node: '>=20'}

  content-tag@4.1.1:
    resolution: {integrity: sha512-LyIbq4ZY+WbN0NoyHmg0w1kLPHyXZkZZrTDJZm/HW+MVurnKJy7U3m8WlpKm6lqbYbUSWP6ATNacE5dL2eH8+g==}

  convert-source-map@2.0.0:
    resolution: {integrity: sha512-Kvp459HrV2FEJ1CAsi1Ku+MY3kasH19TFykTz2xWmMeq6bk2NU3XXvfJ+Q61m0xktWwt+1HSYf3JZsTms3aRJg==}

  detect-libc@2.1.2:
    resolution: {integrity: sha512-Btj2BOOO83o3WyH59e8MgXsxEQVcarkUOpEYrubB0urwnN10yQ364rsiByU11nZlqWYZm05i/of7io4mzihBtQ==}
    engines: {node: '>=8'}

  ember-estree@0.4.2:
    resolution: {integrity: sha512-Runf+IVY+hUhlk0QwwljhPYj0/kjza5CCRp/Hlfdk9MawKSxXQqR0WX4f2rChXAGbDIzK7JVopVaet5oIZr8tg==}

  es-module-lexer@2.0.0:
    resolution: {integrity: sha512-5POEcUuZybH7IdmGsD8wlf0AI55wMecM9rVBTI/qEAy2c1kTOm3DjFYjrBdI2K3BaJjJYfYFeRtM0t9ssnRuxw==}

  estree-walker@3.0.3:
    resolution: {integrity: sha512-7RUKfXgSMMkzt6ZuXmqapOurLGPPfgj6l9uRZ7lRGolvk0y2yocc35LdcxKC5PQZdn2DMqioAQ2NoWcrTKmm6g==}

  expect-type@1.3.0:
    resolution: {integrity: sha512-knvyeauYhqjOYvQ66MznSMs83wmHrCycNEN6Ao+2AeYEfxUIkuiVxdEa1qlGEPK+We3n0THiDciYSsCcgW/DoA==}
    engines: {node: '>=12.0.0'}

  fdir@6.5.0:
    resolution: {integrity: sha512-tIbYtZbucOs0BRGqPJkshJUYdL+SDH7dVM8gjy+ERp3WAUjLEFJE+02kanyHtwjWOnwrKYBiwAmM0p4kLJAnXg==}
    engines: {node: '>=12.0.0'}
    peerDependencies:
      picomatch: ^3 || ^4
    peerDependenciesMeta:
      picomatch:
        optional: true

  fflate@0.8.2:
    resolution: {integrity: sha512-cPJU47OaAoCbg0pBvzsgpTPhmhqI5eJjh/JIu8tPj5q+T7iLvW/JAYUqmE7KOB4R1ZyEhzBaIQpQpardBF5z8A==}

  flatted@3.4.0:
    resolution: {integrity: sha512-kC6Bb+ooptOIvWj5B63EQWkF0FEnNjV2ZNkLMLZRDDduIiWeFF4iKnslwhiWxjAdbg4NzTNo6h0qLuvFrcx+Sw==}

  fsevents@2.3.3:
    resolution: {integrity: sha512-5xoDfX+fL7faATnagmWPpbFtwh/R77WmMMqqHGS65C3vvB0YHrgF+B1YmZ3441tMj5n63k0212XNoJwzlhffQw==}
    engines: {node: ^8.16.0 || ^10.6.0 || >=11.0.0}
    os: [darwin]

  gradient-string@3.0.0:
    resolution: {integrity: sha512-frdKI4Qi8Ihp4C6wZNB565de/THpIaw3DjP5ku87M+N9rNSGmPTjfkq61SdRXB7eCaL8O1hkKDvf6CDMtOzIAg==}
    engines: {node: '>=14'}

  lightningcss-android-arm64@1.32.0:
    resolution: {integrity: sha512-YK7/ClTt4kAK0vo6w3X+Pnm0D2cf2vPHbhOXdoNti1Ga0al1P4TBZhwjATvjNwLEBCnKvjJc2jQgHXH0NEwlAg==}
    engines: {node: '>= 12.0.0'}
    cpu: [arm64]
    os: [android]

  lightningcss-darwin-arm64@1.32.0:
    resolution: {integrity: sha512-RzeG9Ju5bag2Bv1/lwlVJvBE3q6TtXskdZLLCyfg5pt+HLz9BqlICO7LZM7VHNTTn/5PRhHFBSjk5lc4cmscPQ==}
    engines: {node: '>= 12.0.0'}
    cpu: [arm64]
    os: [darwin]

  lightningcss-darwin-x64@1.32.0:
    resolution: {integrity: sha512-U+QsBp2m/s2wqpUYT/6wnlagdZbtZdndSmut/NJqlCcMLTWp5muCrID+K5UJ6jqD2BFshejCYXniPDbNh73V8w==}
    engines: {node: '>= 12.0.0'}
    cpu: [x64]
    os: [darwin]

  lightningcss-freebsd-x64@1.32.0:
    resolution: {integrity: sha512-JCTigedEksZk3tHTTthnMdVfGf61Fky8Ji2E4YjUTEQX14xiy/lTzXnu1vwiZe3bYe0q+SpsSH/CTeDXK6WHig==}
    engines: {node: '>= 12.0.0'}
    cpu: [x64]
    os: [freebsd]

  lightningcss-linux-arm-gnueabihf@1.32.0:
    resolution: {integrity: sha512-x6rnnpRa2GL0zQOkt6rts3YDPzduLpWvwAF6EMhXFVZXD4tPrBkEFqzGowzCsIWsPjqSK+tyNEODUBXeeVHSkw==}
    engines: {node: '>= 12.0.0'}
    cpu: [arm]
    os: [linux]

  lightningcss-linux-arm64-gnu@1.32.0:
    resolution: {integrity: sha512-0nnMyoyOLRJXfbMOilaSRcLH3Jw5z9HDNGfT/gwCPgaDjnx0i8w7vBzFLFR1f6CMLKF8gVbebmkUN3fa/kQJpQ==}
    engines: {node: '>= 12.0.0'}
    cpu: [arm64]
    os: [linux]
    libc: [glibc]

  lightningcss-linux-arm64-musl@1.32.0:
    resolution: {integrity: sha512-UpQkoenr4UJEzgVIYpI80lDFvRmPVg6oqboNHfoH4CQIfNA+HOrZ7Mo7KZP02dC6LjghPQJeBsvXhJod/wnIBg==}
    engines: {node: '>= 12.0.0'}
    cpu: [arm64]
    os: [linux]
    libc: [musl]

  lightningcss-linux-x64-gnu@1.32.0:
    resolution: {integrity: sha512-V7Qr52IhZmdKPVr+Vtw8o+WLsQJYCTd8loIfpDaMRWGUZfBOYEJeyJIkqGIDMZPwPx24pUMfwSxxI8phr/MbOA==}
    engines: {node: '>= 12.0.0'}
    cpu: [x64]
    os: [linux]
    libc: [glibc]

  lightningcss-linux-x64-musl@1.32.0:
    resolution: {integrity: sha512-bYcLp+Vb0awsiXg/80uCRezCYHNg1/l3mt0gzHnWV9XP1W5sKa5/TCdGWaR/zBM2PeF/HbsQv/j2URNOiVuxWg==}
    engines: {node: '>= 12.0.0'}
    cpu: [x64]
    os: [linux]
    libc: [musl]

  lightningcss-win32-arm64-msvc@1.32.0:
    resolution: {integrity: sha512-8SbC8BR40pS6baCM8sbtYDSwEVQd4JlFTOlaD3gWGHfThTcABnNDBda6eTZeqbofalIJhFx0qKzgHJmcPTnGdw==}
    engines: {node: '>= 12.0.0'}
    cpu: [arm64]
    os: [win32]

  lightningcss-win32-x64-msvc@1.32.0:
    resolution: {integrity: sha512-Amq9B/SoZYdDi1kFrojnoqPLxYhQ4Wo5XiL8EVJrVsB8ARoC1PWW6VGtT0WKCemjy8aC+louJnjS7U18x3b06Q==}
    engines: {node: '>= 12.0.0'}
    cpu: [x64]
    os: [win32]

  lightningcss@1.32.0:
    resolution: {integrity: sha512-NXYBzinNrblfraPGyrbPoD19C1h9lfI/1mzgWYvXUTe414Gz/X1FD2XBZSZM7rRTrMA8JL3OtAaGifrIKhQ5yQ==}
    engines: {node: '>= 12.0.0'}

  magic-string@0.30.21:
    resolution: {integrity: sha512-vd2F4YUyEXKGcLHoq+TEyCjxueSeHnFxyyjNp80yg0XV4vUhnDer/lvvlqM/arB5bXQN5K2/3oinyCRyx8T2CQ==}

  mrmime@2.0.1:
    resolution: {integrity: sha512-Y3wQdFg2Va6etvQ5I82yUhGdsKrcYox6p7FfL1LbK2J4V01F9TGlepTIhnK24t7koZibmg82KGglhA1XK5IsLQ==}
    engines: {node: '>=10'}

  nanoid@3.3.11:
    resolution: {integrity: sha512-N8SpfPUnUp1bK+PMYW8qSWdl9U+wwNWI4QKxOYDy9JAro3WMX7p2OeVRF9v+347pnakNevPmiHhNmZ2HbFA76w==}
    engines: {node: ^10 || ^12 || ^13.7 || ^14 || >=15.0.1}
    hasBin: true

  obug@2.1.1:
    resolution: {integrity: sha512-uTqF9MuPraAQ+IsnPf366RG4cP9RtUi7MLO1N3KEc+wb0a6yKpeL0lmk2IB1jY5KHPAlTc6T/JRdC/YqxHNwkQ==}

  oxc-parser@0.112.0:
    resolution: {integrity: sha512-7rQ3QdJwobMQLMZwQaPuPYMEF2fDRZwf51lZ//V+bA37nejjKW5ifMHbbCwvA889Y4RLhT+/wLJpPRhAoBaZYw==}
    engines: {node: ^20.19.0 || >=22.12.0}

  oxc-parser@0.119.0:
    resolution: {integrity: sha512-fNiKvO0ZHSUmINQlVY2It+vGbHxCvhpqJi0rZYFFOESoOy3fs5E4erKYGZtB/J1aULkjtY06aWNil4JxMsKXGg==}
    engines: {node: ^20.19.0 || >=22.12.0}

  pathe@2.0.3:
    resolution: {integrity: sha512-WUjGcAqP1gQacoQe+OBJsFA7Ld4DyXuUIjZ5cc75cLHvJ7dtNsTugphxIADwspS+AraAUePCKrSVtPLFj/F88w==}

  picocolors@1.1.1:
    resolution: {integrity: sha512-xceH2snhtb5M9liqDsmEw56le376mTZkEX/jEb/RxNFyegNul7eNslCXP9FDj/Lcu0X8KEyMceP2ntpaHrDEVA==}

  picomatch@4.0.3:
    resolution: {integrity: sha512-5gTmgEY/sqK6gFXLIsQNH19lWb4ebPDLA4SdLP7dsWkIXHWlG66oPuVvXSGFPppYZz8ZDZq0dYYrbHfBCVUb1Q==}
    engines: {node: '>=12'}

  postcss@8.5.8:
    resolution: {integrity: sha512-OW/rX8O/jXnm82Ey1k44pObPtdblfiuWnrd8X7GJ7emImCOstunGbXUpp7HdBrFQX6rJzn3sPT397Wp5aCwCHg==}
    engines: {node: ^10 || ^12 || >=14}

  rolldown@1.0.0-rc.10:
    resolution: {integrity: sha512-q7j6vvarRFmKpgJUT8HCAUljkgzEp4LAhPlJUvQhA5LA1SUL36s5QCysMutErzL3EbNOZOkoziSx9iZC4FddKA==}
    engines: {node: ^20.19.0 || >=22.12.0}
    hasBin: true

  siginfo@2.0.0:
    resolution: {integrity: sha512-ybx0WO1/8bSBLEWXZvEd7gMW3Sn3JFlW3TvX1nREbDLRNQNaeNN8WK0meBwPdAaOI7TtRRRJn/Es1zhrrCHu7g==}

  simple-html-tokenizer@0.5.11:
    resolution: {integrity: sha512-C2WEK/Z3HoSFbYq8tI7ni3eOo/NneSPRoPpcM7WdLjFOArFuyXEjAoCdOC3DgMfRyziZQ1hCNR4mrNdWEvD0og==}

  sirv@3.0.2:
    resolution: {integrity: sha512-2wcC/oGxHis/BoHkkPwldgiPSYcpZK3JU28WoMVv55yHJgcZ8rlXvuG9iZggz+sU1d4bRgIGASwyWqjxu3FM0g==}
    engines: {node: '>=18'}

  sisteransi@1.0.5:
    resolution: {integrity: sha512-bLGGlR1QxBcynn2d5YmDX4MGjlZvy2MRBDRNHLJ8VI6l6+9FUiyTFNJ0IveOSP0bcXgVDPRcfGqA0pjaqUpfVg==}

  source-map-js@1.2.1:
    resolution: {integrity: sha512-UXWMKhLOwVKb728IUtQPXxfYU+usdybtUrK/8uGE8CQMvrhOpwvzDBwj0QhSL7MQc7vIsISBG8VQ8+IDQxpfQA==}
    engines: {node: '>=0.10.0'}

  stackback@0.0.2:
    resolution: {integrity: sha512-1XMJE5fQo1jGH6Y/7ebnwPOBEkIEnT4QF32d5R1+VXdXveM0IBMJt8zfaxX1P3QhVwrYe+576+jkANtSS2mBbw==}

  std-env@4.0.0:
    resolution: {integrity: sha512-zUMPtQ/HBY3/50VbpkupYHbRroTRZJPRLvreamgErJVys0ceuzMkD44J/QjqhHjOzK42GQ3QZIeFG1OYfOtKqQ==}

  tinybench@2.9.0:
    resolution: {integrity: sha512-0+DUvqWMValLmha6lr4kD8iAMK1HzV0/aKnCtWb9v9641TnP/MFb7Pc2bxoxQjTXAErryXVgUOfv2YqNllqGeg==}

  tinycolor2@1.6.0:
    resolution: {integrity: sha512-XPaBkWQJdsf3pLKJV9p4qN/S+fm2Oj8AIPo1BTUhg5oxkvm9+SVEGFdhyOz7tTdUTfvxMiAs4sp6/eZO2Ew+pw==}

  tinyexec@1.0.4:
    resolution: {integrity: sha512-u9r3uZC0bdpGOXtlxUIdwf9pkmvhqJdrVCH9fapQtgy/OeTTMZ1nqH7agtvEfmGui6e1XxjcdrlxvxJvc3sMqw==}
    engines: {node: '>=18'}

  tinyglobby@0.2.15:
    resolution: {integrity: sha512-j2Zq4NyQYG5XMST4cbs02Ak8iJUdxRM0XI5QyxXuZOzKOINmWurp3smXu3y5wDcJrptwpSjgXHzIQxR0omXljQ==}
    engines: {node: '>=12.0.0'}

  tinygradient@1.1.5:
    resolution: {integrity: sha512-8nIfc2vgQ4TeLnk2lFj4tRLvvJwEfQuabdsmvDdQPT0xlk9TaNtpGd6nNRxXoK6vQhN6RSzj+Cnp5tTQmpxmbw==}

  tinyrainbow@3.1.0:
    resolution: {integrity: sha512-Bf+ILmBgretUrdJxzXM0SgXLZ3XfiaUuOj/IKQHuTXip+05Xn+uyEYdVg0kYDipTBcLrCVyUzAPz7QmArb0mmw==}
    engines: {node: '>=14.0.0'}

  totalist@3.0.1:
    resolution: {integrity: sha512-sf4i37nQ2LBx4m3wB74y+ubopq6W/dIzXg0FDGjsYnZHVa1Da8FH853wlL2gtUhg+xJXjfk3kUZS3BRoQeoQBQ==}
    engines: {node: '>=6'}

  tslib@2.8.1:
    resolution: {integrity: sha512-oJFu94HQb+KVduSUQL7wnpmqnfmLsOA/nAh6b6EH0wCEoK0/mPeXU6c3wKDV83MkOuHPRHtSXKKU99IBazS/2w==}

  type-fest@4.41.0:
    resolution: {integrity: sha512-TeTSQ6H5YHvpqVwBRcnLDCBnDOHWYu7IvGbHT6N8AOymcr9PJGjc1GTtiWZTYg0NCgYwvnYWEkVChQAr9bjfwA==}
    engines: {node: '>=16'}

  typescript@5.9.3:
    resolution: {integrity: sha512-jl1vZzPDinLr9eUt3J/t7V6FgNEw9QjvBPdysz9KfQDD41fQrC2Y4vKQdiaUpFT4bXlb1RHhLpp8wtm6M5TgSw==}
    engines: {node: '>=14.17'}
    hasBin: true

  undici-types@7.18.2:
    resolution: {integrity: sha512-AsuCzffGHJybSaRrmr5eHr81mwJU3kjw6M+uprWvCXiNeN9SOGwQ3Jn8jb8m3Z6izVgknn1R0FTCEAP2QrLY/w==}

  vite@8.0.1:
    resolution: {integrity: sha512-wt+Z2qIhfFt85uiyRt5LPU4oVEJBXj8hZNWKeqFG4gRG/0RaRGJ7njQCwzFVjO+v4+Ipmf5CY7VdmZRAYYBPHw==}
    engines: {node: ^20.19.0 || >=22.12.0}
    hasBin: true
    peerDependencies:
      '@types/node': ^20.19.0 || >=22.12.0
      '@vitejs/devtools': ^0.1.0
      esbuild: ^0.27.0
      jiti: '>=1.21.0'
      less: ^4.0.0
      sass: ^1.70.0
      sass-embedded: ^1.70.0
      stylus: '>=0.54.8'
      sugarss: ^5.0.0
      terser: ^5.16.0
      tsx: ^4.8.1
      yaml: ^2.4.2
    peerDependenciesMeta:
      '@types/node':
        optional: true
      '@vitejs/devtools':
        optional: true
      esbuild:
        optional: true
      jiti:
        optional: true
      less:
        optional: true
      sass:
        optional: true
      sass-embedded:
        optional: true
      stylus:
        optional: true
      sugarss:
        optional: true
      terser:
        optional: true
      tsx:
        optional: true
      yaml:
        optional: true

  vitest@4.1.0:
    resolution: {integrity: sha512-YbDrMF9jM2Lqc++2530UourxZHmkKLxrs4+mYhEwqWS97WJ7wOYEkcr+QfRgJ3PW9wz3odRijLZjHEaRLTNbqw==}
    engines: {node: ^20.0.0 || ^22.0.0 || >=24.0.0}
    hasBin: true
    peerDependencies:
      '@edge-runtime/vm': '*'
      '@opentelemetry/api': ^1.9.0
      '@types/node': ^20.0.0 || ^22.0.0 || >=24.0.0
      '@vitest/browser-playwright': 4.1.0
      '@vitest/browser-preview': 4.1.0
      '@vitest/browser-webdriverio': 4.1.0
      '@vitest/ui': 4.1.0
      happy-dom: '*'
      jsdom: '*'
      vite: ^6.0.0 || ^7.0.0 || ^8.0.0-0
    peerDependenciesMeta:
      '@edge-runtime/vm':
        optional: true
      '@opentelemetry/api':
        optional: true
      '@types/node':
        optional: true
      '@vitest/browser-playwright':
        optional: true
      '@vitest/browser-preview':
        optional: true
      '@vitest/browser-webdriverio':
        optional: true
      '@vitest/ui':
        optional: true
      happy-dom:
        optional: true
      jsdom:
        optional: true

  why-is-node-running@2.3.0:
    resolution: {integrity: sha512-hUrmaWBdVDcxvYqnyh09zunKzROWjbZTiNy8dBEjkS7ehEDQibXJ7XvlmtbwuTclUiIyN+CyXQD4Vmko8fNm8w==}
    engines: {node: '>=8'}
    hasBin: true

  zimmerframe@1.1.4:
    resolution: {integrity: sha512-B58NGBEoc8Y9MWWCQGl/gq9xBCe4IiKM0a2x7GZdQKOW5Exr8S1W24J6OgM1njK8xCRGvAJIL/MxXHf6SkmQKQ==}

  zmod-ember@0.3.0:
    resolution: {integrity: sha512-1V03GsV0SZfzK0JWzjaT3qavXIT5HiryaKQ6ocTwc7rVd/vnV/jMjHhijq6iIbCM+Jx0JEt2lFW3IovCUtmXJw==}
    engines: {node: '>=20.19.0'}
    peerDependencies:
      zmod: ^0.3.1

  zmod@0.3.1:
    resolution: {integrity: sha512-iki9XG61oZ4436QdMODKrQt2b8vTNMiB3w1pA2KXlpyqAakAH+MusYYhbcFLO70fK4vP2ORKLj7gZexBHfjnNw==}

snapshots:

  '@clack/core@1.1.0':
    dependencies:
      sisteransi: 1.0.5

  '@clack/prompts@1.1.0':
    dependencies:
      '@clack/core': 1.1.0
      sisteransi: 1.0.5

  '@emnapi/core@1.9.1':
    dependencies:
      '@emnapi/wasi-threads': 1.2.0
      tslib: 2.8.1
    optional: true

  '@emnapi/runtime@1.9.1':
    dependencies:
      tslib: 2.8.1
    optional: true

  '@emnapi/wasi-threads@1.2.0':
    dependencies:
      tslib: 2.8.1
    optional: true

  '@glimmer/env@0.1.7': {}

  '@glimmer/interfaces@0.94.6':
    dependencies:
      '@simple-dom/interface': 1.4.0
      type-fest: 4.41.0

  '@glimmer/syntax@0.95.0':
    dependencies:
      '@glimmer/interfaces': 0.94.6
      '@glimmer/util': 0.94.8
      '@glimmer/wire-format': 0.94.8
      '@handlebars/parser': 2.2.2
      simple-html-tokenizer: 0.5.11

  '@glimmer/util@0.94.8':
    dependencies:
      '@glimmer/interfaces': 0.94.6

  '@glimmer/wire-format@0.94.8':
    dependencies:
      '@glimmer/interfaces': 0.94.6

  '@handlebars/parser@2.2.2': {}

  '@jridgewell/sourcemap-codec@1.5.5': {}

  '@napi-rs/wasm-runtime@1.1.1':
    dependencies:
      '@emnapi/core': 1.9.1
      '@emnapi/runtime': 1.9.1
      '@tybys/wasm-util': 0.10.1
    optional: true

  '@oxc-parser/binding-android-arm-eabi@0.112.0':
    optional: true

  '@oxc-parser/binding-android-arm-eabi@0.119.0':
    optional: true

  '@oxc-parser/binding-android-arm64@0.112.0':
    optional: true

  '@oxc-parser/binding-android-arm64@0.119.0':
    optional: true

  '@oxc-parser/binding-darwin-arm64@0.112.0':
    optional: true

  '@oxc-parser/binding-darwin-arm64@0.119.0':
    optional: true

  '@oxc-parser/binding-darwin-x64@0.112.0':
    optional: true

  '@oxc-parser/binding-darwin-x64@0.119.0':
    optional: true

  '@oxc-parser/binding-freebsd-x64@0.112.0':
    optional: true

  '@oxc-parser/binding-freebsd-x64@0.119.0':
    optional: true

  '@oxc-parser/binding-linux-arm-gnueabihf@0.112.0':
    optional: true

  '@oxc-parser/binding-linux-arm-gnueabihf@0.119.0':
    optional: true

  '@oxc-parser/binding-linux-arm-musleabihf@0.112.0':
    optional: true

  '@oxc-parser/binding-linux-arm-musleabihf@0.119.0':
    optional: true

  '@oxc-parser/binding-linux-arm64-gnu@0.112.0':
    optional: true

  '@oxc-parser/binding-linux-arm64-gnu@0.119.0':
    optional: true

  '@oxc-parser/binding-linux-arm64-musl@0.112.0':
    optional: true

  '@oxc-parser/binding-linux-arm64-musl@0.119.0':
    optional: true

  '@oxc-parser/binding-linux-ppc64-gnu@0.112.0':
    optional: true

  '@oxc-parser/binding-linux-ppc64-gnu@0.119.0':
    optional: true

  '@oxc-parser/binding-linux-riscv64-gnu@0.112.0':
    optional: true

  '@oxc-parser/binding-linux-riscv64-gnu@0.119.0':
    optional: true

  '@oxc-parser/binding-linux-riscv64-musl@0.112.0':
    optional: true

  '@oxc-parser/binding-linux-riscv64-musl@0.119.0':
    optional: true

  '@oxc-parser/binding-linux-s390x-gnu@0.112.0':
    optional: true

  '@oxc-parser/binding-linux-s390x-gnu@0.119.0':
    optional: true

  '@oxc-parser/binding-linux-x64-gnu@0.112.0':
    optional: true

  '@oxc-parser/binding-linux-x64-gnu@0.119.0':
    optional: true

  '@oxc-parser/binding-linux-x64-musl@0.112.0':
    optional: true

  '@oxc-parser/binding-linux-x64-musl@0.119.0':
    optional: true

  '@oxc-parser/binding-openharmony-arm64@0.112.0':
    optional: true

  '@oxc-parser/binding-openharmony-arm64@0.119.0':
    optional: true

  '@oxc-parser/binding-wasm32-wasi@0.112.0':
    dependencies:
      '@napi-rs/wasm-runtime': 1.1.1
    optional: true

  '@oxc-parser/binding-wasm32-wasi@0.119.0':
    dependencies:
      '@napi-rs/wasm-runtime': 1.1.1
    optional: true

  '@oxc-parser/binding-win32-arm64-msvc@0.112.0':
    optional: true

  '@oxc-parser/binding-win32-arm64-msvc@0.119.0':
    optional: true

  '@oxc-parser/binding-win32-ia32-msvc@0.112.0':
    optional: true

  '@oxc-parser/binding-win32-ia32-msvc@0.119.0':
    optional: true

  '@oxc-parser/binding-win32-x64-msvc@0.112.0':
    optional: true

  '@oxc-parser/binding-win32-x64-msvc@0.119.0':
    optional: true

  '@oxc-project/types@0.112.0': {}

  '@oxc-project/types@0.119.0': {}

  '@oxc-project/types@0.120.0': {}

  '@polka/url@1.0.0-next.29': {}

  '@rolldown/binding-android-arm64@1.0.0-rc.10':
    optional: true

  '@rolldown/binding-darwin-arm64@1.0.0-rc.10':
    optional: true

  '@rolldown/binding-darwin-x64@1.0.0-rc.10':
    optional: true

  '@rolldown/binding-freebsd-x64@1.0.0-rc.10':
    optional: true

  '@rolldown/binding-linux-arm-gnueabihf@1.0.0-rc.10':
    optional: true

  '@rolldown/binding-linux-arm64-gnu@1.0.0-rc.10':
    optional: true

  '@rolldown/binding-linux-arm64-musl@1.0.0-rc.10':
    optional: true

  '@rolldown/binding-linux-ppc64-gnu@1.0.0-rc.10':
    optional: true

  '@rolldown/binding-linux-s390x-gnu@1.0.0-rc.10':
    optional: true

  '@rolldown/binding-linux-x64-gnu@1.0.0-rc.10':
    optional: true

  '@rolldown/binding-linux-x64-musl@1.0.0-rc.10':
    optional: true

  '@rolldown/binding-openharmony-arm64@1.0.0-rc.10':
    optional: true

  '@rolldown/binding-wasm32-wasi@1.0.0-rc.10':
    dependencies:
      '@napi-rs/wasm-runtime': 1.1.1
    optional: true

  '@rolldown/binding-win32-arm64-msvc@1.0.0-rc.10':
    optional: true

  '@rolldown/binding-win32-x64-msvc@1.0.0-rc.10':
    optional: true

  '@rolldown/pluginutils@1.0.0-rc.10': {}

  '@simple-dom/interface@1.4.0': {}

  '@standard-schema/spec@1.1.0': {}

  '@tybys/wasm-util@0.10.1':
    dependencies:
      tslib: 2.8.1
    optional: true

  '@types/chai@5.2.3':
    dependencies:
      '@types/deep-eql': 4.0.2
      assertion-error: 2.0.1

  '@types/deep-eql@4.0.2': {}

  '@types/estree@1.0.8': {}

  '@types/node@25.5.0':
    dependencies:
      undici-types: 7.18.2

  '@types/tinycolor2@1.4.6': {}

  '@vitest/expect@4.1.0':
    dependencies:
      '@standard-schema/spec': 1.1.0
      '@types/chai': 5.2.3
      '@vitest/spy': 4.1.0
      '@vitest/utils': 4.1.0
      chai: 6.2.2
      tinyrainbow: 3.1.0

  '@vitest/mocker@4.1.0(vite@8.0.1(@types/node@25.5.0))':
    dependencies:
      '@vitest/spy': 4.1.0
      estree-walker: 3.0.3
      magic-string: 0.30.21
    optionalDependencies:
      vite: 8.0.1(@types/node@25.5.0)

  '@vitest/pretty-format@4.1.0':
    dependencies:
      tinyrainbow: 3.1.0

  '@vitest/runner@4.1.0':
    dependencies:
      '@vitest/utils': 4.1.0
      pathe: 2.0.3

  '@vitest/snapshot@4.1.0':
    dependencies:
      '@vitest/pretty-format': 4.1.0
      '@vitest/utils': 4.1.0
      magic-string: 0.30.21
      pathe: 2.0.3

  '@vitest/spy@4.1.0': {}

  '@vitest/ui@4.1.0(vitest@4.1.0)':
    dependencies:
      '@vitest/utils': 4.1.0
      fflate: 0.8.2
      flatted: 3.4.0
      pathe: 2.0.3
      sirv: 3.0.2
      tinyglobby: 0.2.15
      tinyrainbow: 3.1.0
      vitest: 4.1.0(@types/node@25.5.0)(@vitest/ui@4.1.0)(vite@8.0.1(@types/node@25.5.0))

  '@vitest/utils@4.1.0':
    dependencies:
      '@vitest/pretty-format': 4.1.0
      convert-source-map: 2.0.0
      tinyrainbow: 3.1.0

  assertion-error@2.0.1: {}

  ast-types@0.16.1:
    dependencies:
      tslib: 2.8.1

  chai@6.2.2: {}

  chalk@5.6.2: {}

  commander@14.0.3: {}

  content-tag@4.1.1: {}

  convert-source-map@2.0.0: {}

  detect-libc@2.1.2: {}

  ember-estree@0.4.2:
    dependencies:
      '@glimmer/env': 0.1.7
      '@glimmer/syntax': 0.95.0
      content-tag: 4.1.1
      oxc-parser: 0.119.0
      zimmerframe: 1.1.4

  es-module-lexer@2.0.0: {}

  estree-walker@3.0.3:
    dependencies:
      '@types/estree': 1.0.8

  expect-type@1.3.0: {}

  fdir@6.5.0(picomatch@4.0.3):
    optionalDependencies:
      picomatch: 4.0.3

  fflate@0.8.2: {}

  flatted@3.4.0: {}

  fsevents@2.3.3:
    optional: true

  gradient-string@3.0.0:
    dependencies:
      chalk: 5.6.2
      tinygradient: 1.1.5

  lightningcss-android-arm64@1.32.0:
    optional: true

  lightningcss-darwin-arm64@1.32.0:
    optional: true

  lightningcss-darwin-x64@1.32.0:
    optional: true

  lightningcss-freebsd-x64@1.32.0:
    optional: true

  lightningcss-linux-arm-gnueabihf@1.32.0:
    optional: true

  lightningcss-linux-arm64-gnu@1.32.0:
    optional: true

  lightningcss-linux-arm64-musl@1.32.0:
    optional: true

  lightningcss-linux-x64-gnu@1.32.0:
    optional: true

  lightningcss-linux-x64-musl@1.32.0:
    optional: true

  lightningcss-win32-arm64-msvc@1.32.0:
    optional: true

  lightningcss-win32-x64-msvc@1.32.0:
    optional: true

  lightningcss@1.32.0:
    dependencies:
      detect-libc: 2.1.2
    optionalDependencies:
      lightningcss-android-arm64: 1.32.0
      lightningcss-darwin-arm64: 1.32.0
      lightningcss-darwin-x64: 1.32.0
      lightningcss-freebsd-x64: 1.32.0
      lightningcss-linux-arm-gnueabihf: 1.32.0
      lightningcss-linux-arm64-gnu: 1.32.0
      lightningcss-linux-arm64-musl: 1.32.0
      lightningcss-linux-x64-gnu: 1.32.0
      lightningcss-linux-x64-musl: 1.32.0
      lightningcss-win32-arm64-msvc: 1.32.0
      lightningcss-win32-x64-msvc: 1.32.0

  magic-string@0.30.21:
    dependencies:
      '@jridgewell/sourcemap-codec': 1.5.5

  mrmime@2.0.1: {}

  nanoid@3.3.11: {}

  obug@2.1.1: {}

  oxc-parser@0.112.0:
    dependencies:
      '@oxc-project/types': 0.112.0
    optionalDependencies:
      '@oxc-parser/binding-android-arm-eabi': 0.112.0
      '@oxc-parser/binding-android-arm64': 0.112.0
      '@oxc-parser/binding-darwin-arm64': 0.112.0
      '@oxc-parser/binding-darwin-x64': 0.112.0
      '@oxc-parser/binding-freebsd-x64': 0.112.0
      '@oxc-parser/binding-linux-arm-gnueabihf': 0.112.0
      '@oxc-parser/binding-linux-arm-musleabihf': 0.112.0
      '@oxc-parser/binding-linux-arm64-gnu': 0.112.0
      '@oxc-parser/binding-linux-arm64-musl': 0.112.0
      '@oxc-parser/binding-linux-ppc64-gnu': 0.112.0
      '@oxc-parser/binding-linux-riscv64-gnu': 0.112.0
      '@oxc-parser/binding-linux-riscv64-musl': 0.112.0
      '@oxc-parser/binding-linux-s390x-gnu': 0.112.0
      '@oxc-parser/binding-linux-x64-gnu': 0.112.0
      '@oxc-parser/binding-linux-x64-musl': 0.112.0
      '@oxc-parser/binding-openharmony-arm64': 0.112.0
      '@oxc-parser/binding-wasm32-wasi': 0.112.0
      '@oxc-parser/binding-win32-arm64-msvc': 0.112.0
      '@oxc-parser/binding-win32-ia32-msvc': 0.112.0
      '@oxc-parser/binding-win32-x64-msvc': 0.112.0

  oxc-parser@0.119.0:
    dependencies:
      '@oxc-project/types': 0.119.0
    optionalDependencies:
      '@oxc-parser/binding-android-arm-eabi': 0.119.0
      '@oxc-parser/binding-android-arm64': 0.119.0
      '@oxc-parser/binding-darwin-arm64': 0.119.0
      '@oxc-parser/binding-darwin-x64': 0.119.0
      '@oxc-parser/binding-freebsd-x64': 0.119.0
      '@oxc-parser/binding-linux-arm-gnueabihf': 0.119.0
      '@oxc-parser/binding-linux-arm-musleabihf': 0.119.0
      '@oxc-parser/binding-linux-arm64-gnu': 0.119.0
      '@oxc-parser/binding-linux-arm64-musl': 0.119.0
      '@oxc-parser/binding-linux-ppc64-gnu': 0.119.0
      '@oxc-parser/binding-linux-riscv64-gnu': 0.119.0
      '@oxc-parser/binding-linux-riscv64-musl': 0.119.0
      '@oxc-parser/binding-linux-s390x-gnu': 0.119.0
      '@oxc-parser/binding-linux-x64-gnu': 0.119.0
      '@oxc-parser/binding-linux-x64-musl': 0.119.0
      '@oxc-parser/binding-openharmony-arm64': 0.119.0
      '@oxc-parser/binding-wasm32-wasi': 0.119.0
      '@oxc-parser/binding-win32-arm64-msvc': 0.119.0
      '@oxc-parser/binding-win32-ia32-msvc': 0.119.0
      '@oxc-parser/binding-win32-x64-msvc': 0.119.0

  pathe@2.0.3: {}

  picocolors@1.1.1: {}

  picomatch@4.0.3: {}

  postcss@8.5.8:
    dependencies:
      nanoid: 3.3.11
      picocolors: 1.1.1
      source-map-js: 1.2.1

  rolldown@1.0.0-rc.10:
    dependencies:
      '@oxc-project/types': 0.120.0
      '@rolldown/pluginutils': 1.0.0-rc.10
    optionalDependencies:
      '@rolldown/binding-android-arm64': 1.0.0-rc.10
      '@rolldown/binding-darwin-arm64': 1.0.0-rc.10
      '@rolldown/binding-darwin-x64': 1.0.0-rc.10
      '@rolldown/binding-freebsd-x64': 1.0.0-rc.10
      '@rolldown/binding-linux-arm-gnueabihf': 1.0.0-rc.10
      '@rolldown/binding-linux-arm64-gnu': 1.0.0-rc.10
      '@rolldown/binding-linux-arm64-musl': 1.0.0-rc.10
      '@rolldown/binding-linux-ppc64-gnu': 1.0.0-rc.10
      '@rolldown/binding-linux-s390x-gnu': 1.0.0-rc.10
      '@rolldown/binding-linux-x64-gnu': 1.0.0-rc.10
      '@rolldown/binding-linux-x64-musl': 1.0.0-rc.10
      '@rolldown/binding-openharmony-arm64': 1.0.0-rc.10
      '@rolldown/binding-wasm32-wasi': 1.0.0-rc.10
      '@rolldown/binding-win32-arm64-msvc': 1.0.0-rc.10
      '@rolldown/binding-win32-x64-msvc': 1.0.0-rc.10

  siginfo@2.0.0: {}

  simple-html-tokenizer@0.5.11: {}

  sirv@3.0.2:
    dependencies:
      '@polka/url': 1.0.0-next.29
      mrmime: 2.0.1
      totalist: 3.0.1

  sisteransi@1.0.5: {}

  source-map-js@1.2.1: {}

  stackback@0.0.2: {}

  std-env@4.0.0: {}

  tinybench@2.9.0: {}

  tinycolor2@1.6.0: {}

  tinyexec@1.0.4: {}

  tinyglobby@0.2.15:
    dependencies:
      fdir: 6.5.0(picomatch@4.0.3)
      picomatch: 4.0.3

  tinygradient@1.1.5:
    dependencies:
      '@types/tinycolor2': 1.4.6
      tinycolor2: 1.6.0

  tinyrainbow@3.1.0: {}

  totalist@3.0.1: {}

  tslib@2.8.1: {}

  type-fest@4.41.0: {}

  typescript@5.9.3: {}

  undici-types@7.18.2: {}

  vite@8.0.1(@types/node@25.5.0):
    dependencies:
      lightningcss: 1.32.0
      picomatch: 4.0.3
      postcss: 8.5.8
      rolldown: 1.0.0-rc.10
      tinyglobby: 0.2.15
    optionalDependencies:
      '@types/node': 25.5.0
      fsevents: 2.3.3

  vitest@4.1.0(@types/node@25.5.0)(@vitest/ui@4.1.0)(vite@8.0.1(@types/node@25.5.0)):
    dependencies:
      '@vitest/expect': 4.1.0
      '@vitest/mocker': 4.1.0(vite@8.0.1(@types/node@25.5.0))
      '@vitest/pretty-format': 4.1.0
      '@vitest/runner': 4.1.0
      '@vitest/snapshot': 4.1.0
      '@vitest/spy': 4.1.0
      '@vitest/utils': 4.1.0
      es-module-lexer: 2.0.0
      expect-type: 1.3.0
      magic-string: 0.30.21
      obug: 2.1.1
      pathe: 2.0.3
      picomatch: 4.0.3
      std-env: 4.0.0
      tinybench: 2.9.0
      tinyexec: 1.0.4
      tinyglobby: 0.2.15
      tinyrainbow: 3.1.0
      vite: 8.0.1(@types/node@25.5.0)
      why-is-node-running: 2.3.0
    optionalDependencies:
      '@types/node': 25.5.0
      '@vitest/ui': 4.1.0(vitest@4.1.0)
    transitivePeerDependencies:
      - msw

  why-is-node-running@2.3.0:
    dependencies:
      siginfo: 2.0.0
      stackback: 0.0.2

  zimmerframe@1.1.4: {}

  zmod-ember@0.3.0(zmod@0.3.1):
    dependencies:
      ember-estree: 0.4.2
      zmod: 0.3.1

  zmod@0.3.1:
    dependencies:
      ast-types: 0.16.1
      oxc-parser: 0.112.0
      tinyglobby: 0.2.15
